
Microsoft Visual Studio Solution File, Format Version 12.00
# Visual Studio Version 17
VisualStudioVersion = 17.9.34616.47
MinimumVisualStudioVersion = 10.0.40219.1
Project("{F184B08F-C81C-45F6-A57F-5ABD9991F28F}") = "MyWebFormApp.Web", "MyWebFormApp.Web\MyWebFormApp.Web.vbproj", "{CD8E53D2-B177-494B-AE08-1CEEF98E43D7}"
EndProject
Project("{9A19103F-16F7-4668-BE54-9A1E7A4F7556}") = "MyWebFormApp.BO", "MyWebFormApp.BO\MyWebFormApp.BO.csproj", "{71C69F31-623E-4F2B-A48F-5ED13316B280}"
EndProject
Project("{9A19103F-16F7-4668-BE54-9A1E7A4F7556}") = "MyWebFormApp.DAL", "MyWebFormApp.DAL\MyWebFormApp.DAL.csproj", "{3FC7AD03-DF09-4A13-BFCA-68A7B6DBAC37}"
EndProject
Project("{9A19103F-16F7-4668-BE54-9A1E7A4F7556}") = "MyWebFormApp.BLL", "MyWebFormApp.BLL\MyWebFormApp.BLL.csproj", "{41187E83-EE44-41A0-A57A-9D38A09EFCE4}"
EndProject
Project("{9A19103F-16F7-4668-BE54-9A1E7A4F7556}") = "SampleMVC", "SampleMVC\SampleMVC.csproj", "{8B45C05A-90F2-4D2B-B3A2-52CCC02784DA}"
EndProject
Project("{9A19103F-16F7-4668-BE54-9A1E7A4F7556}") = "MyRESTServices", "MyRESTServices\MyRESTServices.csproj", "{6A292993-2A4B-46C9-ADFF-70B76D84F0BB}"
EndProject
Project("{FAE04EC0-301F-11D3-BF4B-00C04F79EFBC}") = "MyRESTServices.Domain", "MyRESTServices.Domain\MyRESTServices.Domain.csproj", "{69B4F745-2F82-4F3A-A6FA-594B0EAC0EBC}"
EndProject
Project("{FAE04EC0-301F-11D3-BF4B-00C04F79EFBC}") = "MyRESTServices.Data", "MyRESTServices.Data\MyRESTServices.Data.csproj", "{E7DB0A61-1FCC-4778-99D2-33ABC69B0B5B}"
EndProject
Project("{FAE04EC0-301F-11D3-BF4B-00C04F79EFBC}") = "MyRESTServices.BLL", "MyRESTServices.BLL\MyRESTServices.BLL.csproj", "{527B852C-0A22-49D0-BB3F-A49836BF115E}"
EndProject
Global
	GlobalSection(SolutionConfigurationPlatforms) = preSolution
		Debug|Any CPU = Debug|Any CPU
		Release|Any CPU = Release|Any CPU
	EndGlobalSection
	GlobalSection(ProjectConfigurationPlatforms) = postSolution
		{CD8E53D2-B177-494B-AE08-1CEEF98E43D7}.Debug|Any CPU.ActiveCfg = Debug|Any CPU
		{CD8E53D2-B177-494B-AE08-1CEEF98E43D7}.Debug|Any CPU.Build.0 = Debug|Any CPU
		{CD8E53D2-B177-494B-AE08-1CEEF98E43D7}.Release|Any CPU.ActiveCfg = Release|Any CPU
		{CD8E53D2-B177-494B-AE08-1CEEF98E43D7}.Release|Any CPU.Build.0 = Release|Any CPU
		{71C69F31-623E-4F2B-A48F-5ED13316B280}.Debug|Any CPU.ActiveCfg = Debug|Any CPU
		{71C69F31-623E-4F2B-A48F-5ED13316B280}.Debug|Any CPU.Build.0 = Debug|Any CPU
		{71C69F31-623E-4F2B-A48F-5ED13316B280}.Release|Any CPU.ActiveCfg = Release|Any CPU
		{71C69F31-623E-4F2B-A48F-5ED13316B280}.Release|Any CPU.Build.0 = Release|Any CPU
		{3FC7AD03-DF09-4A13-BFCA-68A7B6DBAC37}.Debug|Any CPU.ActiveCfg = Debug|Any CPU
		{3FC7AD03-DF09-4A13-BFCA-68A7B6DBAC37}.Debug|Any CPU.Build.0 = Debug|Any CPU
		{3FC7AD03-DF09-4A13-BFCA-68A7B6DBAC37}.Release|Any CPU.ActiveCfg = Release|Any CPU
		{3FC7AD03-DF09-4A13-BFCA-68A7B6DBAC37}.Release|Any CPU.Build.0 = Release|Any CPU
		{41187E83-EE44-41A0-A57A-9D38A09EFCE4}.Debug|Any CPU.ActiveCfg = Debug|Any CPU
		{41187E83-EE44-41A0-A57A-9D38A09EFCE4}.Debug|Any CPU.Build.0 = Debug|Any CPU
		{41187E83-EE44-41A0-A57A-9D38A09EFCE4}.Release|Any CPU.ActiveCfg = Release|Any CPU
		{41187E83-EE44-41A0-A57A-9D38A09EFCE4}.Release|Any CPU.Build.0 = Release|Any CPU
		{8B45C05A-90F2-4D2B-B3A2-52CCC02784DA}.Debug|Any CPU.ActiveCfg = Debug|Any CPU
		{8B45C05A-90F2-4D2B-B3A2-52CCC02784DA}.Debug|Any CPU.Build.0 = Debug|Any CPU
		{8B45C05A-90F2-4D2B-B3A2-52CCC02784DA}.Release|Any CPU.ActiveCfg = Release|Any CPU
		{8B45C05A-90F2-4D2B-B3A2-52CCC02784DA}.Release|Any CPU.Build.0 = Release|Any CPU
		{6A292993-2A4B-46C9-ADFF-70B76D84F0BB}.Debug|Any CPU.ActiveCfg = Debug|Any CPU
		{6A292993-2A4B-46C9-ADFF-70B76D84F0BB}.Debug|Any CPU.Build.0 = Debug|Any CPU
		{6A292993-2A4B-46C9-ADFF-70B76D84F0BB}.Release|Any CPU.ActiveCfg = Release|Any CPU
		{6A292993-2A4B-46C9-ADFF-70B76D84F0BB}.Release|Any CPU.Build.0 = Release|Any CPU
		{69B4F745-2F82-4F3A-A6FA-594B0EAC0EBC}.Debug|Any CPU.ActiveCfg = Debug|Any CPU
		{69B4F745-2F82-4F3A-A6FA-594B0EAC0EBC}.Debug|Any CPU.Build.0 = Debug|Any CPU
		{69B4F745-2F82-4F3A-A6FA-594B0EAC0EBC}.Release|Any CPU.ActiveCfg = Release|Any CPU
		{69B4F745-2F82-4F3A-A6FA-594B0EAC0EBC}.Release|Any CPU.Build.0 = Release|Any CPU
		{E7DB0A61-1FCC-4778-99D2-33ABC69B0B5B}.Debug|Any CPU.ActiveCfg = Debug|Any CPU
		{E7DB0A61-1FCC-4778-99D2-33ABC69B0B5B}.Debug|Any CPU.Build.0 = Debug|Any CPU
		{E7DB0A61-1FCC-4778-99D2-33ABC69B0B5B}.Release|Any CPU.ActiveCfg = Release|Any CPU
		{E7DB0A61-1FCC-4778-99D2-33ABC69B0B5B}.Release|Any CPU.Build.0 = Release|Any CPU
		{527B852C-0A22-49D0-BB3F-A49836BF115E}.Debug|Any CPU.ActiveCfg = Debug|Any CPU
		{527B852C-0A22-49D0-BB3F-A49836BF115E}.Debug|Any CPU.Build.0 = Debug|Any CPU
		{527B852C-0A22-49D0-BB3F-A49836BF115E}.Release|Any CPU.ActiveCfg = Release|Any CPU
		{527B852C-0A22-49D0-BB3F-A49836BF115E}.Release|Any CPU.Build.0 = Release|Any CPU
	EndGlobalSection
	GlobalSection(SolutionProperties) = preSolution
		HideSolutionNode = FALSE
	EndGlobalSection
	GlobalSection(ExtensibilityGlobals) = postSolution
		SolutionGuid = {C770EEF1-0EDB-4648-968E-91314A0F48FA}
	EndGlobalSection
EndGlobal
